
Microsoft Visual Studio Solution File, Format Version 12.00
# Visual Studio Version 17
VisualStudioVersion = 17.14.36623.8 d17.14
MinimumVisualStudioVersion = 10.0.40219.1
Project("{FAE04EC0-301F-11D3-BF4B-00C04F79EFBC}") = "Calculator", "Calculator.csproj", "{89D27588-FCC5-4456-9B9D-55EFD2A4A711}"
EndProject
Global
	GlobalSection(SolutionConfigurationPlatforms) = preSolution
		Debug|Any CPU = Debug|Any CPU
		Release|Any CPU = Release|Any CPU
	EndGlobalSection
	GlobalSection(ProjectConfigurationPlatforms) = postSolution
		{89D27588-FCC5-4456-9B9D-55EFD2A4A711}.Debug|Any CPU.ActiveCfg = Debug|Any CPU
		{89D27588-FCC5-4456-9B9D-55EFD2A4A711}.Debug|Any CPU.Build.0 = Debug|Any CPU
		{89D27588-FCC5-4456-9B9D-55EFD2A4A711}.Release|Any CPU.ActiveCfg = Release|Any CPU
		{89D27588-FCC5-4456-9B9D-55EFD2A4A711}.Release|Any CPU.Build.0 = Release|Any CPU
	EndGlobalSection
	GlobalSection(SolutionProperties) = preSolution
		HideSolutionNode = FALSE
	EndGlobalSection
	GlobalSection(ExtensibilityGlobals) = postSolution
		SolutionGuid = {F3D2F759-DB1C-4A69-B6A4-BFEC044C2716}
	EndGlobalSection
EndGlobal
